
Microsoft Visual Studio Solution File, Format Version 12.00
# Visual Studio Version 17
VisualStudioVersion = 17.4.33213.308
MinimumVisualStudioVersion = 10.0.40219.1
Project("{FAE04EC0-301F-11D3-BF4B-00C04F79EFBC}") = "jurnal6_1302213043", "jurnal6_1302213043.csproj", "{CDB9A939-3518-4A62-9A6E-A742E7ED7FF1}"
EndProject
Global
	GlobalSection(SolutionConfigurationPlatforms) = preSolution
		Debug|Any CPU = Debug|Any CPU
		Release|Any CPU = Release|Any CPU
	EndGlobalSection
	GlobalSection(ProjectConfigurationPlatforms) = postSolution
		{CDB9A939-3518-4A62-9A6E-A742E7ED7FF1}.Debug|Any CPU.ActiveCfg = Debug|Any CPU
		{CDB9A939-3518-4A62-9A6E-A742E7ED7FF1}.Debug|Any CPU.Build.0 = Debug|Any CPU
		{CDB9A939-3518-4A62-9A6E-A742E7ED7FF1}.Release|Any CPU.ActiveCfg = Release|Any CPU
		{CDB9A939-3518-4A62-9A6E-A742E7ED7FF1}.Release|Any CPU.Build.0 = Release|Any CPU
	EndGlobalSection
	GlobalSection(SolutionProperties) = preSolution
		HideSolutionNode = FALSE
	EndGlobalSection
	GlobalSection(ExtensibilityGlobals) = postSolution
		SolutionGuid = {09786B73-F270-49F4-A093-9D3DBD193D0F}
	EndGlobalSection
EndGlobal
